
Microsoft Visual Studio Solution File, Format Version 12.00
# Visual Studio 15
VisualStudioVersion = 15.0.28010.2016
MinimumVisualStudioVersion = 10.0.40219.1
Project("{9A19103F-16F7-4668-BE54-9A1E7A4F7556}") = "ITStepBot", "ITStepBot\ITStepBot.csproj", "{0C048718-54A2-4515-949A-8048C5CD7792}"
EndProject
Global
	GlobalSection(SolutionConfigurationPlatforms) = preSolution
		Debug|Any CPU = Debug|Any CPU
		Release|Any CPU = Release|Any CPU
	EndGlobalSection
	GlobalSection(ProjectConfigurationPlatforms) = postSolution
		{0C048718-54A2-4515-949A-8048C5CD7792}.Debug|Any CPU.ActiveCfg = Debug|Any CPU
		{0C048718-54A2-4515-949A-8048C5CD7792}.Debug|Any CPU.Build.0 = Debug|Any CPU
		{0C048718-54A2-4515-949A-8048C5CD7792}.Release|Any CPU.ActiveCfg = Release|Any CPU
		{0C048718-54A2-4515-949A-8048C5CD7792}.Release|Any CPU.Build.0 = Release|Any CPU
	EndGlobalSection
	GlobalSection(SolutionProperties) = preSolution
		HideSolutionNode = FALSE
	EndGlobalSection
	GlobalSection(ExtensibilityGlobals) = postSolution
		SolutionGuid = {4D35C7D7-DCD6-4092-9808-6111B321364D}
	EndGlobalSection
EndGlobal
